
Microsoft Visual Studio Solution File, Format Version 12.00
# Visual Studio 2013
VisualStudioVersion = 12.0.30110.0
MinimumVisualStudioVersion = 10.0.40219.1
Project("{FAE04EC0-301F-11D3-BF4B-00C04F79EFBC}") = "DerivateCalculatorConsoleApp", "DerivateCalculator\DerivateCalculatorConsoleApp.csproj", "{ECB14FF5-B173-43C1-8A9E-853C7005029D}"
EndProject
Global
	GlobalSection(SolutionConfigurationPlatforms) = preSolution
		Debug|Any CPU = Debug|Any CPU
		Release|Any CPU = Release|Any CPU
	EndGlobalSection
	GlobalSection(ProjectConfigurationPlatforms) = postSolution
		{ECB14FF5-B173-43C1-8A9E-853C7005029D}.Debug|Any CPU.ActiveCfg = Debug|Any CPU
		{ECB14FF5-B173-43C1-8A9E-853C7005029D}.Debug|Any CPU.Build.0 = Debug|Any CPU
		{ECB14FF5-B173-43C1-8A9E-853C7005029D}.Release|Any CPU.ActiveCfg = Release|Any CPU
		{ECB14FF5-B173-43C1-8A9E-853C7005029D}.Release|Any CPU.Build.0 = Release|Any CPU
	EndGlobalSection
	GlobalSection(SolutionProperties) = preSolution
		HideSolutionNode = FALSE
	EndGlobalSection
EndGlobal
